// !$*UTF8*$!
{
	archiveVersion = 1;
	classes = {
	};
	objectVersion = 56;
	objects = {

/* Begin PBXBuildFile section */
		860CE3F32A65858A003DD1A2 /* AppDelegate.swift in Sources */ = {isa = PBXBuildFile; fileRef = 860CE3F22A65858A003DD1A2 /* AppDelegate.swift */; };
		860CE3F52A65858A003DD1A2 /* SceneDelegate.swift in Sources */ = {isa = PBXBuildFile; fileRef = 860CE3F42A65858A003DD1A2 /* SceneDelegate.swift */; };
		860CE3FC2A65858B003DD1A2 /* Assets.xcassets in Resources */ = {isa = PBXBuildFile; fileRef = 860CE3FB2A65858B003DD1A2 /* Assets.xcassets */; };
		860CE3FF2A65858B003DD1A2 /* LaunchScreen.storyboard in Resources */ = {isa = PBXBuildFile; fileRef = 860CE3FD2A65858B003DD1A2 /* LaunchScreen.storyboard */; };
		860CE40A2A65858C003DD1A2 /* RickAndMortyTestAppTests.swift in Sources */ = {isa = PBXBuildFile; fileRef = 860CE4092A65858C003DD1A2 /* RickAndMortyTestAppTests.swift */; };
		860CE4142A65858C003DD1A2 /* RickAndMortyTestAppUITests.swift in Sources */ = {isa = PBXBuildFile; fileRef = 860CE4132A65858C003DD1A2 /* RickAndMortyTestAppUITests.swift */; };
		860CE4162A65858C003DD1A2 /* RickAndMortyTestAppUITestsLaunchTests.swift in Sources */ = {isa = PBXBuildFile; fileRef = 860CE4152A65858C003DD1A2 /* RickAndMortyTestAppUITestsLaunchTests.swift */; };
		860CE42C2A658742003DD1A2 /* AlamofireImage in Frameworks */ = {isa = PBXBuildFile; productRef = 860CE42B2A658742003DD1A2 /* AlamofireImage */; };
		860CE42F2A65875D003DD1A2 /* Alamofire in Frameworks */ = {isa = PBXBuildFile; productRef = 860CE42E2A65875D003DD1A2 /* Alamofire */; };
		860CE4312A658787003DD1A2 /* HomeBuilder.swift in Sources */ = {isa = PBXBuildFile; fileRef = 860CE4302A658787003DD1A2 /* HomeBuilder.swift */; };
		860CE4332A6587A9003DD1A2 /* CharactersViewData.swift in Sources */ = {isa = PBXBuildFile; fileRef = 860CE4322A6587A9003DD1A2 /* CharactersViewData.swift */; };
		860CE4352A6587C2003DD1A2 /* Characters.swift in Sources */ = {isa = PBXBuildFile; fileRef = 860CE4342A6587C2003DD1A2 /* Characters.swift */; };
		860CE4372A6587E2003DD1A2 /* HomePresenter.swift in Sources */ = {isa = PBXBuildFile; fileRef = 860CE4362A6587E2003DD1A2 /* HomePresenter.swift */; };
		860CE4392A658831003DD1A2 /* HomeViewController.swift in Sources */ = {isa = PBXBuildFile; fileRef = 860CE4382A658831003DD1A2 /* HomeViewController.swift */; };
		860CE43B2A65884E003DD1A2 /* HomeDataService.swift in Sources */ = {isa = PBXBuildFile; fileRef = 860CE43A2A65884E003DD1A2 /* HomeDataService.swift */; };
		860CE43D2A65886E003DD1A2 /* CharactersViewDataMapper.swift in Sources */ = {isa = PBXBuildFile; fileRef = 860CE43C2A65886E003DD1A2 /* CharactersViewDataMapper.swift */; };
		860CE43F2A6588C2003DD1A2 /* HomeViewController.xib in Resources */ = {isa = PBXBuildFile; fileRef = 860CE43E2A6588C2003DD1A2 /* HomeViewController.xib */; };
		860CE4422A658A26003DD1A2 /* DetailBuilder.swift in Sources */ = {isa = PBXBuildFile; fileRef = 860CE4412A658A26003DD1A2 /* DetailBuilder.swift */; };
		860CE4472A658AA1003DD1A2 /* DetailPresenter.swift in Sources */ = {isa = PBXBuildFile; fileRef = 860CE4462A658AA1003DD1A2 /* DetailPresenter.swift */; };
		860CE4492A658AC3003DD1A2 /* DetailViewController.swift in Sources */ = {isa = PBXBuildFile; fileRef = 860CE4482A658AC3003DD1A2 /* DetailViewController.swift */; };
		860CE44B2A658B63003DD1A2 /* DetailViewController.xib in Resources */ = {isa = PBXBuildFile; fileRef = 860CE44A2A658B63003DD1A2 /* DetailViewController.xib */; };
		860CE44D2A658BBE003DD1A2 /* TableViewCell.swift in Sources */ = {isa = PBXBuildFile; fileRef = 860CE44C2A658BBE003DD1A2 /* TableViewCell.swift */; };
		860CE44F2A658C19003DD1A2 /* TableViewCell.xib in Resources */ = {isa = PBXBuildFile; fileRef = 860CE44E2A658C19003DD1A2 /* TableViewCell.xib */; };
		866FB6EF2ABA61E700FF32FF /* HomePresenterTests.swift in Sources */ = {isa = PBXBuildFile; fileRef = 866FB6EE2ABA61E700FF32FF /* HomePresenterTests.swift */; };
		866FB6F12ABA6B3C00FF32FF /* HomeViewControllerTests.swift in Sources */ = {isa = PBXBuildFile; fileRef = 866FB6F02ABA6B3C00FF32FF /* HomeViewControllerTests.swift */; };
		866FB6F32ABA77CD00FF32FF /* DetailViewControllerTests.swift in Sources */ = {isa = PBXBuildFile; fileRef = 866FB6F22ABA77CD00FF32FF /* DetailViewControllerTests.swift */; };
/* End PBXBuildFile section */

/* Begin PBXContainerItemProxy section */
		860CE4062A65858C003DD1A2 /* PBXContainerItemProxy */ = {
			isa = PBXContainerItemProxy;
			containerPortal = 860CE3E72A65858A003DD1A2 /* Project object */;
			proxyType = 1;
			remoteGlobalIDString = 860CE3EE2A65858A003DD1A2;
			remoteInfo = RickAndMortyTestApp;
		};
		860CE4102A65858C003DD1A2 /* PBXContainerItemProxy */ = {
			isa = PBXContainerItemProxy;
			containerPortal = 860CE3E72A65858A003DD1A2 /* Project object */;
			proxyType = 1;
			remoteGlobalIDString = 860CE3EE2A65858A003DD1A2;
			remoteInfo = RickAndMortyTestApp;
		};
/* End PBXContainerItemProxy section */

/* Begin PBXFileReference section */
		860CE3EF2A65858A003DD1A2 /* RickAndMortyTestApp.app */ = {isa = PBXFileReference; explicitFileType = wrapper.application; includeInIndex = 0; path = RickAndMortyTestApp.app; sourceTree = BUILT_PRODUCTS_DIR; };
		860CE3F22A65858A003DD1A2 /* AppDelegate.swift */ = {isa = PBXFileReference; lastKnownFileType = sourcecode.swift; path = AppDelegate.swift; sourceTree = "<group>"; };
		860CE3F42A65858A003DD1A2 /* SceneDelegate.swift */ = {isa = PBXFileReference; lastKnownFileType = sourcecode.swift; path = SceneDelegate.swift; sourceTree = "<group>"; };
		860CE3FB2A65858B003DD1A2 /* Assets.xcassets */ = {isa = PBXFileReference; lastKnownFileType = folder.assetcatalog; path = Assets.xcassets; sourceTree = "<group>"; };
		860CE3FE2A65858B003DD1A2 /* Base */ = {isa = PBXFileReference; lastKnownFileType = file.storyboard; name = Base; path = Base.lproj/LaunchScreen.storyboard; sourceTree = "<group>"; };
		860CE4002A65858B003DD1A2 /* Info.plist */ = {isa = PBXFileReference; lastKnownFileType = text.plist.xml; path = Info.plist; sourceTree = "<group>"; };
		860CE4052A65858C003DD1A2 /* RickAndMortyTestAppTests.xctest */ = {isa = PBXFileReference; explicitFileType = wrapper.cfbundle; includeInIndex = 0; path = RickAndMortyTestAppTests.xctest; sourceTree = BUILT_PRODUCTS_DIR; };
		860CE4092A65858C003DD1A2 /* RickAndMortyTestAppTests.swift */ = {isa = PBXFileReference; lastKnownFileType = sourcecode.swift; path = RickAndMortyTestAppTests.swift; sourceTree = "<group>"; };
		860CE40F2A65858C003DD1A2 /* RickAndMortyTestAppUITests.xctest */ = {isa = PBXFileReference; explicitFileType = wrapper.cfbundle; includeInIndex = 0; path = RickAndMortyTestAppUITests.xctest; sourceTree = BUILT_PRODUCTS_DIR; };
		860CE4132A65858C003DD1A2 /* RickAndMortyTestAppUITests.swift */ = {isa = PBXFileReference; lastKnownFileType = sourcecode.swift; path = RickAndMortyTestAppUITests.swift; sourceTree = "<group>"; };
		860CE4152A65858C003DD1A2 /* RickAndMortyTestAppUITestsLaunchTests.swift */ = {isa = PBXFileReference; lastKnownFileType = sourcecode.swift; path = RickAndMortyTestAppUITestsLaunchTests.swift; sourceTree = "<group>"; };
		860CE4302A658787003DD1A2 /* HomeBuilder.swift */ = {isa = PBXFileReference; lastKnownFileType = sourcecode.swift; path = HomeBuilder.swift; sourceTree = "<group>"; };
		860CE4322A6587A9003DD1A2 /* CharactersViewData.swift */ = {isa = PBXFileReference; lastKnownFileType = sourcecode.swift; path = CharactersViewData.swift; sourceTree = "<group>"; };
		860CE4342A6587C2003DD1A2 /* Characters.swift */ = {isa = PBXFileReference; lastKnownFileType = sourcecode.swift; path = Characters.swift; sourceTree = "<group>"; };
		860CE4362A6587E2003DD1A2 /* HomePresenter.swift */ = {isa = PBXFileReference; lastKnownFileType = sourcecode.swift; path = HomePresenter.swift; sourceTree = "<group>"; };
		860CE4382A658831003DD1A2 /* HomeViewController.swift */ = {isa = PBXFileReference; lastKnownFileType = sourcecode.swift; path = HomeViewController.swift; sourceTree = "<group>"; };
		860CE43A2A65884E003DD1A2 /* HomeDataService.swift */ = {isa = PBXFileReference; lastKnownFileType = sourcecode.swift; path = HomeDataService.swift; sourceTree = "<group>"; };
		860CE43C2A65886E003DD1A2 /* CharactersViewDataMapper.swift */ = {isa = PBXFileReference; lastKnownFileType = sourcecode.swift; path = CharactersViewDataMapper.swift; sourceTree = "<group>"; };
		860CE43E2A6588C2003DD1A2 /* HomeViewController.xib */ = {isa = PBXFileReference; lastKnownFileType = file.xib; path = HomeViewController.xib; sourceTree = "<group>"; };
		860CE4412A658A26003DD1A2 /* DetailBuilder.swift */ = {isa = PBXFileReference; lastKnownFileType = sourcecode.swift; path = DetailBuilder.swift; sourceTree = "<group>"; };
		860CE4462A658AA1003DD1A2 /* DetailPresenter.swift */ = {isa = PBXFileReference; lastKnownFileType = sourcecode.swift; path = DetailPresenter.swift; sourceTree = "<group>"; };
		860CE4482A658AC3003DD1A2 /* DetailViewController.swift */ = {isa = PBXFileReference; lastKnownFileType = sourcecode.swift; path = DetailViewController.swift; sourceTree = "<group>"; };
		860CE44A2A658B63003DD1A2 /* DetailViewController.xib */ = {isa = PBXFileReference; lastKnownFileType = file.xib; path = DetailViewController.xib; sourceTree = "<group>"; };
		860CE44C2A658BBE003DD1A2 /* TableViewCell.swift */ = {isa = PBXFileReference; lastKnownFileType = sourcecode.swift; path = TableViewCell.swift; sourceTree = "<group>"; };
		860CE44E2A658C19003DD1A2 /* TableViewCell.xib */ = {isa = PBXFileReference; lastKnownFileType = file.xib; path = TableViewCell.xib; sourceTree = "<group>"; };
		866FB6EE2ABA61E700FF32FF /* HomePresenterTests.swift */ = {isa = PBXFileReference; lastKnownFileType = sourcecode.swift; path = HomePresenterTests.swift; sourceTree = "<group>"; };
		866FB6F02ABA6B3C00FF32FF /* HomeViewControllerTests.swift */ = {isa = PBXFileReference; lastKnownFileType = sourcecode.swift; path = HomeViewControllerTests.swift; sourceTree = "<group>"; };
		866FB6F22ABA77CD00FF32FF /* DetailViewControllerTests.swift */ = {isa = PBXFileReference; lastKnownFileType = sourcecode.swift; path = DetailViewControllerTests.swift; sourceTree = "<group>"; };
/* End PBXFileReference section */

/* Begin PBXFrameworksBuildPhase section */
		860CE3EC2A65858A003DD1A2 /* Frameworks */ = {
			isa = PBXFrameworksBuildPhase;
			buildActionMask = 2147483647;
			files = (
				860CE42C2A658742003DD1A2 /* AlamofireImage in Frameworks */,
				860CE42F2A65875D003DD1A2 /* Alamofire in Frameworks */,
			);
			runOnlyForDeploymentPostprocessing = 0;
		};
		860CE4022A65858C003DD1A2 /* Frameworks */ = {
			isa = PBXFrameworksBuildPhase;
			buildActionMask = 2147483647;
			files = (
			);
			runOnlyForDeploymentPostprocessing = 0;
		};
		860CE40C2A65858C003DD1A2 /* Frameworks */ = {
			isa = PBXFrameworksBuildPhase;
			buildActionMask = 2147483647;
			files = (
			);
			runOnlyForDeploymentPostprocessing = 0;
		};
/* End PBXFrameworksBuildPhase section */

/* Begin PBXGroup section */
		860CE3E62A65858A003DD1A2 = {
			isa = PBXGroup;
			children = (
				860CE3F12A65858A003DD1A2 /* RickAndMortyTestApp */,
				860CE4082A65858C003DD1A2 /* RickAndMortyTestAppTests */,
				860CE4122A65858C003DD1A2 /* RickAndMortyTestAppUITests */,
				860CE3F02A65858A003DD1A2 /* Products */,
			);
			sourceTree = "<group>";
		};
		860CE3F02A65858A003DD1A2 /* Products */ = {
			isa = PBXGroup;
			children = (
				860CE3EF2A65858A003DD1A2 /* RickAndMortyTestApp.app */,
				860CE4052A65858C003DD1A2 /* RickAndMortyTestAppTests.xctest */,
				860CE40F2A65858C003DD1A2 /* RickAndMortyTestAppUITests.xctest */,
			);
			name = Products;
			sourceTree = "<group>";
		};
		860CE3F12A65858A003DD1A2 /* RickAndMortyTestApp */ = {
			isa = PBXGroup;
			children = (
				860CE4222A65859D003DD1A2 /* Features */,
				860CE4402A6589B9003DD1A2 /* Details */,
				860CE3F22A65858A003DD1A2 /* AppDelegate.swift */,
				860CE3F42A65858A003DD1A2 /* SceneDelegate.swift */,
				860CE3FB2A65858B003DD1A2 /* Assets.xcassets */,
				860CE3FD2A65858B003DD1A2 /* LaunchScreen.storyboard */,
				860CE4002A65858B003DD1A2 /* Info.plist */,
			);
			path = RickAndMortyTestApp;
			sourceTree = "<group>";
		};
		860CE4082A65858C003DD1A2 /* RickAndMortyTestAppTests */ = {
			isa = PBXGroup;
			children = (
				860CE4092A65858C003DD1A2 /* RickAndMortyTestAppTests.swift */,
				866FB6EE2ABA61E700FF32FF /* HomePresenterTests.swift */,
				866FB6F02ABA6B3C00FF32FF /* HomeViewControllerTests.swift */,
				866FB6F22ABA77CD00FF32FF /* DetailViewControllerTests.swift */,
			);
			path = RickAndMortyTestAppTests;
			sourceTree = "<group>";
		};
		860CE4122A65858C003DD1A2 /* RickAndMortyTestAppUITests */ = {
			isa = PBXGroup;
			children = (
				860CE4132A65858C003DD1A2 /* RickAndMortyTestAppUITests.swift */,
				860CE4152A65858C003DD1A2 /* RickAndMortyTestAppUITestsLaunchTests.swift */,
			);
			path = RickAndMortyTestAppUITests;
			sourceTree = "<group>";
		};
		860CE4222A65859D003DD1A2 /* Features */ = {
			isa = PBXGroup;
			children = (
				860CE4232A6585AC003DD1A2 /* Home */,
			);
			path = Features;
			sourceTree = "<group>";
		};
		860CE4232A6585AC003DD1A2 /* Home */ = {
			isa = PBXGroup;
			children = (
				860CE4302A658787003DD1A2 /* HomeBuilder.swift */,
				860CE4292A6585E1003DD1A2 /* Model */,
				860CE4282A6585DA003DD1A2 /* Presenter */,
				860CE4272A6585D0003DD1A2 /* ViewController */,
				860CE4262A6585C3003DD1A2 /* Networking */,
				860CE4252A6585BD003DD1A2 /* Mapper */,
				860CE4242A6585B6003DD1A2 /* View */,
			);
			path = Home;
			sourceTree = "<group>";
		};
		860CE4242A6585B6003DD1A2 /* View */ = {
			isa = PBXGroup;
			children = (
				860CE43E2A6588C2003DD1A2 /* HomeViewController.xib */,
				860CE44E2A658C19003DD1A2 /* TableViewCell.xib */,
			);
			path = View;
			sourceTree = "<group>";
		};
		860CE4252A6585BD003DD1A2 /* Mapper */ = {
			isa = PBXGroup;
			children = (
				860CE43C2A65886E003DD1A2 /* CharactersViewDataMapper.swift */,
			);
			path = Mapper;
			sourceTree = "<group>";
		};
		860CE4262A6585C3003DD1A2 /* Networking */ = {
			isa = PBXGroup;
			children = (
				860CE43A2A65884E003DD1A2 /* HomeDataService.swift */,
			);
			path = Networking;
			sourceTree = "<group>";
		};
		860CE4272A6585D0003DD1A2 /* ViewController */ = {
			isa = PBXGroup;
			children = (
				860CE4382A658831003DD1A2 /* HomeViewController.swift */,
				860CE44C2A658BBE003DD1A2 /* TableViewCell.swift */,
			);
			path = ViewController;
			sourceTree = "<group>";
		};
		860CE4282A6585DA003DD1A2 /* Presenter */ = {
			isa = PBXGroup;
			children = (
				860CE4362A6587E2003DD1A2 /* HomePresenter.swift */,
			);
			path = Presenter;
			sourceTree = "<group>";
		};
		860CE4292A6585E1003DD1A2 /* Model */ = {
			isa = PBXGroup;
			children = (
				860CE4322A6587A9003DD1A2 /* CharactersViewData.swift */,
				860CE4342A6587C2003DD1A2 /* Characters.swift */,
			);
			path = Model;
			sourceTree = "<group>";
		};
		860CE4402A6589B9003DD1A2 /* Details */ = {
			isa = PBXGroup;
			children = (
				860CE4412A658A26003DD1A2 /* DetailBuilder.swift */,
				860CE4452A658A4E003DD1A2 /* Presenter */,
				860CE4442A658A40003DD1A2 /* ViewController */,
				860CE4432A658A35003DD1A2 /* View */,
			);
			path = Details;
			sourceTree = "<group>";
		};
		860CE4432A658A35003DD1A2 /* View */ = {
			isa = PBXGroup;
			children = (
				860CE44A2A658B63003DD1A2 /* DetailViewController.xib */,
			);
			path = View;
			sourceTree = "<group>";
		};
		860CE4442A658A40003DD1A2 /* ViewController */ = {
			isa = PBXGroup;
			children = (
				860CE4482A658AC3003DD1A2 /* DetailViewController.swift */,
			);
			path = ViewController;
			sourceTree = "<group>";
		};
		860CE4452A658A4E003DD1A2 /* Presenter */ = {
			isa = PBXGroup;
			children = (
				860CE4462A658AA1003DD1A2 /* DetailPresenter.swift */,
			);
			path = Presenter;
			sourceTree = "<group>";
		};
/* End PBXGroup section */

/* Begin PBXNativeTarget section */
		860CE3EE2A65858A003DD1A2 /* RickAndMortyTestApp */ = {
			isa = PBXNativeTarget;
			buildConfigurationList = 860CE4192A65858C003DD1A2 /* Build configuration list for PBXNativeTarget "RickAndMortyTestApp" */;
			buildPhases = (
				860CE3EB2A65858A003DD1A2 /* Sources */,
				860CE3EC2A65858A003DD1A2 /* Frameworks */,
				860CE3ED2A65858A003DD1A2 /* Resources */,
			);
			buildRules = (
			);
			dependencies = (
			);
			name = RickAndMortyTestApp;
			packageProductDependencies = (
				860CE42B2A658742003DD1A2 /* AlamofireImage */,
				860CE42E2A65875D003DD1A2 /* Alamofire */,
			);
			productName = RickAndMortyTestApp;
			productReference = 860CE3EF2A65858A003DD1A2 /* RickAndMortyTestApp.app */;
			productType = "com.apple.product-type.application";
		};
		860CE4042A65858C003DD1A2 /* RickAndMortyTestAppTests */ = {
			isa = PBXNativeTarget;
			buildConfigurationList = 860CE41C2A65858C003DD1A2 /* Build configuration list for PBXNativeTarget "RickAndMortyTestAppTests" */;
			buildPhases = (
				860CE4012A65858C003DD1A2 /* Sources */,
				860CE4022A65858C003DD1A2 /* Frameworks */,
				860CE4032A65858C003DD1A2 /* Resources */,
			);
			buildRules = (
			);
			dependencies = (
				860CE4072A65858C003DD1A2 /* PBXTargetDependency */,
			);
			name = RickAndMortyTestAppTests;
			productName = RickAndMortyTestAppTests;
			productReference = 860CE4052A65858C003DD1A2 /* RickAndMortyTestAppTests.xctest */;
			productType = "com.apple.product-type.bundle.unit-test";
		};
		860CE40E2A65858C003DD1A2 /* RickAndMortyTestAppUITests */ = {
			isa = PBXNativeTarget;
			buildConfigurationList = 860CE41F2A65858C003DD1A2 /* Build configuration list for PBXNativeTarget "RickAndMortyTestAppUITests" */;
			buildPhases = (
				860CE40B2A65858C003DD1A2 /* Sources */,
				860CE40C2A65858C003DD1A2 /* Frameworks */,
				860CE40D2A65858C003DD1A2 /* Resources */,
			);
			buildRules = (
			);
			dependencies = (
				860CE4112A65858C003DD1A2 /* PBXTargetDependency */,
			);
			name = RickAndMortyTestAppUITests;
			productName = RickAndMortyTestAppUITests;
			productReference = 860CE40F2A65858C003DD1A2 /* RickAndMortyTestAppUITests.xctest */;
			productType = "com.apple.product-type.bundle.ui-testing";
		};
/* End PBXNativeTarget section */

/* Begin PBXProject section */
		860CE3E72A65858A003DD1A2 /* Project object */ = {
			isa = PBXProject;
			attributes = {
				BuildIndependentTargetsInParallel = 1;
				LastSwiftUpdateCheck = 1410;
				LastUpgradeCheck = 1410;
				TargetAttributes = {
					860CE3EE2A65858A003DD1A2 = {
						CreatedOnToolsVersion = 14.1;
					};
					860CE4042A65858C003DD1A2 = {
						CreatedOnToolsVersion = 14.1;
						TestTargetID = 860CE3EE2A65858A003DD1A2;
					};
					860CE40E2A65858C003DD1A2 = {
						CreatedOnToolsVersion = 14.1;
						TestTargetID = 860CE3EE2A65858A003DD1A2;
					};
				};
			};
			buildConfigurationList = 860CE3EA2A65858A003DD1A2 /* Build configuration list for PBXProject "RickAndMortyTestApp" */;
			compatibilityVersion = "Xcode 14.0";
			developmentRegion = en;
			hasScannedForEncodings = 0;
			knownRegions = (
				en,
				Base,
			);
			mainGroup = 860CE3E62A65858A003DD1A2;
			packageReferences = (
				860CE42A2A658742003DD1A2 /* XCRemoteSwiftPackageReference "AlamofireImage" */,
				860CE42D2A65875D003DD1A2 /* XCRemoteSwiftPackageReference "Alamofire" */,
			);
			productRefGroup = 860CE3F02A65858A003DD1A2 /* Products */;
			projectDirPath = "";
			projectRoot = "";
			targets = (
				860CE3EE2A65858A003DD1A2 /* RickAndMortyTestApp */,
				860CE4042A65858C003DD1A2 /* RickAndMortyTestAppTests */,
				860CE40E2A65858C003DD1A2 /* RickAndMortyTestAppUITests */,
			);
		};
/* End PBXProject section */

/* Begin PBXResourcesBuildPhase section */
		860CE3ED2A65858A003DD1A2 /* Resources */ = {
			isa = PBXResourcesBuildPhase;
			buildActionMask = 2147483647;
			files = (
				860CE3FF2A65858B003DD1A2 /* LaunchScreen.storyboard in Resources */,
				860CE44F2A658C19003DD1A2 /* TableViewCell.xib in Resources */,
				860CE3FC2A65858B003DD1A2 /* Assets.xcassets in Resources */,
				860CE43F2A6588C2003DD1A2 /* HomeViewController.xib in Resources */,
				860CE44B2A658B63003DD1A2 /* DetailViewController.xib in Resources */,
			);
			runOnlyForDeploymentPostprocessing = 0;
		};
		860CE4032A65858C003DD1A2 /* Resources */ = {
			isa = PBXResourcesBuildPhase;
			buildActionMask = 2147483647;
			files = (
			);
			runOnlyForDeploymentPostprocessing = 0;
		};
		860CE40D2A65858C003DD1A2 /* Resources */ = {
			isa = PBXResourcesBuildPhase;
			buildActionMask = 2147483647;
			files = (
			);
			runOnlyForDeploymentPostprocessing = 0;
		};
/* End PBXResourcesBuildPhase section */

/* Begin PBXSourcesBuildPhase section */
		860CE3EB2A65858A003DD1A2 /* Sources */ = {
			isa = PBXSourcesBuildPhase;
			buildActionMask = 2147483647;
			files = (
				860CE44D2A658BBE003DD1A2 /* TableViewCell.swift in Sources */,
				860CE4372A6587E2003DD1A2 /* HomePresenter.swift in Sources */,
				860CE4312A658787003DD1A2 /* HomeBuilder.swift in Sources */,
				860CE43B2A65884E003DD1A2 /* HomeDataService.swift in Sources */,
				860CE4492A658AC3003DD1A2 /* DetailViewController.swift in Sources */,
				860CE4352A6587C2003DD1A2 /* Characters.swift in Sources */,
				860CE4472A658AA1003DD1A2 /* DetailPresenter.swift in Sources */,
				860CE4392A658831003DD1A2 /* HomeViewController.swift in Sources */,
				860CE4332A6587A9003DD1A2 /* CharactersViewData.swift in Sources */,
				860CE4422A658A26003DD1A2 /* DetailBuilder.swift in Sources */,
				860CE43D2A65886E003DD1A2 /* CharactersViewDataMapper.swift in Sources */,
				860CE3F32A65858A003DD1A2 /* AppDelegate.swift in Sources */,
				860CE3F52A65858A003DD1A2 /* SceneDelegate.swift in Sources */,
			);
			runOnlyForDeploymentPostprocessing = 0;
		};
		860CE4012A65858C003DD1A2 /* Sources */ = {
			isa = PBXSourcesBuildPhase;
			buildActionMask = 2147483647;
			files = (
				860CE40A2A65858C003DD1A2 /* RickAndMortyTestAppTests.swift in Sources */,
				866FB6F12ABA6B3C00FF32FF /* HomeViewControllerTests.swift in Sources */,
				866FB6EF2ABA61E700FF32FF /* HomePresenterTests.swift in Sources */,
				866FB6F32ABA77CD00FF32FF /* DetailViewControllerTests.swift in Sources */,
			);
			runOnlyForDeploymentPostprocessing = 0;
		};
		860CE40B2A65858C003DD1A2 /* Sources */ = {
			isa = PBXSourcesBuildPhase;
			buildActionMask = 2147483647;
			files = (
				860CE4142A65858C003DD1A2 /* RickAndMortyTestAppUITests.swift in Sources */,
				860CE4162A65858C003DD1A2 /* RickAndMortyTestAppUITestsLaunchTests.swift in Sources */,
			);
			runOnlyForDeploymentPostprocessing = 0;
		};
/* End PBXSourcesBuildPhase section */

/* Begin PBXTargetDependency section */
		860CE4072A65858C003DD1A2 /* PBXTargetDependency */ = {
			isa = PBXTargetDependency;
			target = 860CE3EE2A65858A003DD1A2 /* RickAndMortyTestApp */;
			targetProxy = 860CE4062A65858C003DD1A2 /* PBXContainerItemProxy */;
		};
		860CE4112A65858C003DD1A2 /* PBXTargetDependency */ = {
			isa = PBXTargetDependency;
			target = 860CE3EE2A65858A003DD1A2 /* RickAndMortyTestApp */;
			targetProxy = 860CE4102A65858C003DD1A2 /* PBXContainerItemProxy */;
		};
/* End PBXTargetDependency section */

/* Begin PBXVariantGroup section */
		860CE3FD2A65858B003DD1A2 /* LaunchScreen.storyboard */ = {
			isa = PBXVariantGroup;
			children = (
				860CE3FE2A65858B003DD1A2 /* Base */,
			);
			name = LaunchScreen.storyboard;
			sourceTree = "<group>";
		};
/* End PBXVariantGroup section */

/* Begin XCBuildConfiguration section */
		860CE4172A65858C003DD1A2 /* Debug */ = {
			isa = XCBuildConfiguration;
			buildSettings = {
				ALWAYS_SEARCH_USER_PATHS = NO;
				CLANG_ANALYZER_NONNULL = YES;
				CLANG_ANALYZER_NUMBER_OBJECT_CONVERSION = YES_AGGRESSIVE;
				CLANG_CXX_LANGUAGE_STANDARD = "gnu++20";
				CLANG_ENABLE_MODULES = YES;
				CLANG_ENABLE_OBJC_ARC = YES;
				CLANG_ENABLE_OBJC_WEAK = YES;
				CLANG_WARN_BLOCK_CAPTURE_AUTORELEASING = YES;
				CLANG_WARN_BOOL_CONVERSION = YES;
				CLANG_WARN_COMMA = YES;
				CLANG_WARN_CONSTANT_CONVERSION = YES;
				CLANG_WARN_DEPRECATED_OBJC_IMPLEMENTATIONS = YES;
				CLANG_WARN_DIRECT_OBJC_ISA_USAGE = YES_ERROR;
				CLANG_WARN_DOCUMENTATION_COMMENTS = YES;
				CLANG_WARN_EMPTY_BODY = YES;
				CLANG_WARN_ENUM_CONVERSION = YES;
				CLANG_WARN_INFINITE_RECURSION = YES;
				CLANG_WARN_INT_CONVERSION = YES;
				CLANG_WARN_NON_LITERAL_NULL_CONVERSION = YES;
				CLANG_WARN_OBJC_IMPLICIT_RETAIN_SELF = YES;
				CLANG_WARN_OBJC_LITERAL_CONVERSION = YES;
				CLANG_WARN_OBJC_ROOT_CLASS = YES_ERROR;
				CLANG_WARN_QUOTED_INCLUDE_IN_FRAMEWORK_HEADER = YES;
				CLANG_WARN_RANGE_LOOP_ANALYSIS = YES;
				CLANG_WARN_STRICT_PROTOTYPES = YES;
				CLANG_WARN_SUSPICIOUS_MOVE = YES;
				CLANG_WARN_UNGUARDED_AVAILABILITY = YES_AGGRESSIVE;
				CLANG_WARN_UNREACHABLE_CODE = YES;
				CLANG_WARN__DUPLICATE_METHOD_MATCH = YES;
				COPY_PHASE_STRIP = NO;
				DEBUG_INFORMATION_FORMAT = dwarf;
				ENABLE_STRICT_OBJC_MSGSEND = YES;
				ENABLE_TESTABILITY = YES;
				GCC_C_LANGUAGE_STANDARD = gnu11;
				GCC_DYNAMIC_NO_PIC = NO;
				GCC_NO_COMMON_BLOCKS = YES;
				GCC_OPTIMIZATION_LEVEL = 0;
				GCC_PREPROCESSOR_DEFINITIONS = (
					"DEBUG=1",
					"$(inherited)",
				);
				GCC_WARN_64_TO_32_BIT_CONVERSION = YES;
				GCC_WARN_ABOUT_RETURN_TYPE = YES_ERROR;
				GCC_WARN_UNDECLARED_SELECTOR = YES;
				GCC_WARN_UNINITIALIZED_AUTOS = YES_AGGRESSIVE;
				GCC_WARN_UNUSED_FUNCTION = YES;
				GCC_WARN_UNUSED_VARIABLE = YES;
				IPHONEOS_DEPLOYMENT_TARGET = 16.1;
				MTL_ENABLE_DEBUG_INFO = INCLUDE_SOURCE;
				MTL_FAST_MATH = YES;
				ONLY_ACTIVE_ARCH = YES;
				SDKROOT = iphoneos;
				SWIFT_ACTIVE_COMPILATION_CONDITIONS = DEBUG;
				SWIFT_OPTIMIZATION_LEVEL = "-Onone";
			};
			name = Debug;
		};
		860CE4182A65858C003DD1A2 /* Release */ = {
			isa = XCBuildConfiguration;
			buildSettings = {
				ALWAYS_SEARCH_USER_PATHS = NO;
				CLANG_ANALYZER_NONNULL = YES;
				CLANG_ANALYZER_NUMBER_OBJECT_CONVERSION = YES_AGGRESSIVE;
				CLANG_CXX_LANGUAGE_STANDARD = "gnu++20";
				CLANG_ENABLE_MODULES = YES;
				CLANG_ENABLE_OBJC_ARC = YES;
				CLANG_ENABLE_OBJC_WEAK = YES;
				CLANG_WARN_BLOCK_CAPTURE_AUTORELEASING = YES;
				CLANG_WARN_BOOL_CONVERSION = YES;
				CLANG_WARN_COMMA = YES;
				CLANG_WARN_CONSTANT_CONVERSION = YES;
				CLANG_WARN_DEPRECATED_OBJC_IMPLEMENTATIONS = YES;
				CLANG_WARN_DIRECT_OBJC_ISA_USAGE = YES_ERROR;
				CLANG_WARN_DOCUMENTATION_COMMENTS = YES;
				CLANG_WARN_EMPTY_BODY = YES;
				CLANG_WARN_ENUM_CONVERSION = YES;
				CLANG_WARN_INFINITE_RECURSION = YES;
				CLANG_WARN_INT_CONVERSION = YES;
				CLANG_WARN_NON_LITERAL_NULL_CONVERSION = YES;
				CLANG_WARN_OBJC_IMPLICIT_RETAIN_SELF = YES;
				CLANG_WARN_OBJC_LITERAL_CONVERSION = YES;
				CLANG_WARN_OBJC_ROOT_CLASS = YES_ERROR;
				CLANG_WARN_QUOTED_INCLUDE_IN_FRAMEWORK_HEADER = YES;
				CLANG_WARN_RANGE_LOOP_ANALYSIS = YES;
				CLANG_WARN_STRICT_PROTOTYPES = YES;
				CLANG_WARN_SUSPICIOUS_MOVE = YES;
				CLANG_WARN_UNGUARDED_AVAILABILITY = YES_AGGRESSIVE;
				CLANG_WARN_UNREACHABLE_CODE = YES;
				CLANG_WARN__DUPLICATE_METHOD_MATCH = YES;
				COPY_PHASE_STRIP = NO;
				DEBUG_INFORMATION_FORMAT = "dwarf-with-dsym";
				ENABLE_NS_ASSERTIONS = NO;
				ENABLE_STRICT_OBJC_MSGSEND = YES;
				GCC_C_LANGUAGE_STANDARD = gnu11;
				GCC_NO_COMMON_BLOCKS = YES;
				GCC_WARN_64_TO_32_BIT_CONVERSION = YES;
				GCC_WARN_ABOUT_RETURN_TYPE = YES_ERROR;
				GCC_WARN_UNDECLARED_SELECTOR = YES;
				GCC_WARN_UNINITIALIZED_AUTOS = YES_AGGRESSIVE;
				GCC_WARN_UNUSED_FUNCTION = YES;
				GCC_WARN_UNUSED_VARIABLE = YES;
				IPHONEOS_DEPLOYMENT_TARGET = 16.1;
				MTL_ENABLE_DEBUG_INFO = NO;
				MTL_FAST_MATH = YES;
				SDKROOT = iphoneos;
				SWIFT_COMPILATION_MODE = wholemodule;
				SWIFT_OPTIMIZATION_LEVEL = "-O";
				VALIDATE_PRODUCT = YES;
			};
			name = Release;
		};
		860CE41A2A65858C003DD1A2 /* Debug */ = {
			isa = XCBuildConfiguration;
			buildSettings = {
				ASSETCATALOG_COMPILER_APPICON_NAME = AppIcon;
				ASSETCATALOG_COMPILER_GLOBAL_ACCENT_COLOR_NAME = AccentColor;
				CODE_SIGN_STYLE = Automatic;
				CURRENT_PROJECT_VERSION = 1;
				DEVELOPMENT_TEAM = PCH92499TK;
				GENERATE_INFOPLIST_FILE = YES;
				INFOPLIST_FILE = RickAndMortyTestApp/Info.plist;
				INFOPLIST_KEY_UIApplicationSupportsIndirectInputEvents = YES;
				INFOPLIST_KEY_UILaunchStoryboardName = LaunchScreen;
				INFOPLIST_KEY_UISupportedInterfaceOrientations_iPad = "UIInterfaceOrientationPortrait UIInterfaceOrientationPortraitUpsideDown UIInterfaceOrientationLandscapeLeft UIInterfaceOrientationLandscapeRight";
				INFOPLIST_KEY_UISupportedInterfaceOrientations_iPhone = "UIInterfaceOrientationPortrait UIInterfaceOrientationLandscapeLeft UIInterfaceOrientationLandscapeRight";
				LD_RUNPATH_SEARCH_PATHS = (
					"$(inherited)",
					"@executable_path/Frameworks",
				);
				MARKETING_VERSION = 1.0;
				PRODUCT_BUNDLE_IDENTIFIER = eufendeibe.RickAndMortyTestApp;
				PRODUCT_NAME = "$(TARGET_NAME)";
				SWIFT_EMIT_LOC_STRINGS = YES;
				SWIFT_VERSION = 5.0;
				TARGETED_DEVICE_FAMILY = "1,2";
			};
			name = Debug;
		};
		860CE41B2A65858C003DD1A2 /* Release */ = {
			isa = XCBuildConfiguration;
			buildSettings = {
				ASSETCATALOG_COMPILER_APPICON_NAME = AppIcon;
				ASSETCATALOG_COMPILER_GLOBAL_ACCENT_COLOR_NAME = AccentColor;
				CODE_SIGN_STYLE = Automatic;
				CURRENT_PROJECT_VERSION = 1;
				DEVELOPMENT_TEAM = PCH92499TK;
				GENERATE_INFOPLIST_FILE = YES;
				INFOPLIST_FILE = RickAndMortyTestApp/Info.plist;
				INFOPLIST_KEY_UIApplicationSupportsIndirectInputEvents = YES;
				INFOPLIST_KEY_UILaunchStoryboardName = LaunchScreen;
				INFOPLIST_KEY_UISupportedInterfaceOrientations_iPad = "UIInterfaceOrientationPortrait UIInterfaceOrientationPortraitUpsideDown UIInterfaceOrientationLandscapeLeft UIInterfaceOrientationLandscapeRight";
				INFOPLIST_KEY_UISupportedInterfaceOrientations_iPhone = "UIInterfaceOrientationPortrait UIInterfaceOrientationLandscapeLeft UIInterfaceOrientationLandscapeRight";
				LD_RUNPATH_SEARCH_PATHS = (
					"$(inherited)",
					"@executable_path/Frameworks",
				);
				MARKETING_VERSION = 1.0;
				PRODUCT_BUNDLE_IDENTIFIER = eufendeibe.RickAndMortyTestApp;
				PRODUCT_NAME = "$(TARGET_NAME)";
				SWIFT_EMIT_LOC_STRINGS = YES;
				SWIFT_VERSION = 5.0;
				TARGETED_DEVICE_FAMILY = "1,2";
			};
			name = Release;
		};
		860CE41D2A65858C003DD1A2 /* Debug */ = {
			isa = XCBuildConfiguration;
			buildSettings = {
				ALWAYS_EMBED_SWIFT_STANDARD_LIBRARIES = YES;
				BUNDLE_LOADER = "$(TEST_HOST)";
				CODE_SIGN_STYLE = Automatic;
				CURRENT_PROJECT_VERSION = 1;
				DEVELOPMENT_TEAM = PCH92499TK;
				GENERATE_INFOPLIST_FILE = YES;
				IPHONEOS_DEPLOYMENT_TARGET = 16.1;
				MARKETING_VERSION = 1.0;
				PRODUCT_BUNDLE_IDENTIFIER = eufendeibe.RickAndMortyTestAppTests;
				PRODUCT_NAME = "$(TARGET_NAME)";
				SWIFT_EMIT_LOC_STRINGS = NO;
				SWIFT_VERSION = 5.0;
				TARGETED_DEVICE_FAMILY = "1,2";
				TEST_HOST = "$(BUILT_PRODUCTS_DIR)/RickAndMortyTestApp.app/$(BUNDLE_EXECUTABLE_FOLDER_PATH)/RickAndMortyTestApp";
			};
			name = Debug;
		};
		860CE41E2A65858C003DD1A2 /* Release */ = {
			isa = XCBuildConfiguration;
			buildSettings = {
				ALWAYS_EMBED_SWIFT_STANDARD_LIBRARIES = YES;
				BUNDLE_LOADER = "$(TEST_HOST)";
				CODE_SIGN_STYLE = Automatic;
				CURRENT_PROJECT_VERSION = 1;
				DEVELOPMENT_TEAM = PCH92499TK;
				GENERATE_INFOPLIST_FILE = YES;
				IPHONEOS_DEPLOYMENT_TARGET = 16.1;
				MARKETING_VERSION = 1.0;
				PRODUCT_BUNDLE_IDENTIFIER = eufendeibe.RickAndMortyTestAppTests;
				PRODUCT_NAME = "$(TARGET_NAME)";
				SWIFT_EMIT_LOC_STRINGS = NO;
				SWIFT_VERSION = 5.0;
				TARGETED_DEVICE_FAMILY = "1,2";
				TEST_HOST = "$(BUILT_PRODUCTS_DIR)/RickAndMortyTestApp.app/$(BUNDLE_EXECUTABLE_FOLDER_PATH)/RickAndMortyTestApp";
			};
			name = Release;
		};
		860CE4202A65858C003DD1A2 /* Debug */ = {
			isa = XCBuildConfiguration;
			buildSettings = {
				ALWAYS_EMBED_SWIFT_STANDARD_LIBRARIES = YES;
				CODE_SIGN_STYLE = Automatic;
				CURRENT_PROJECT_VERSION = 1;
				DEVELOPMENT_TEAM = PCH92499TK;
				GENERATE_INFOPLIST_FILE = YES;
				MARKETING_VERSION = 1.0;
				PRODUCT_BUNDLE_IDENTIFIER = eufendeibe.RickAndMortyTestAppUITests;
				PRODUCT_NAME = "$(TARGET_NAME)";
				SWIFT_EMIT_LOC_STRINGS = NO;
				SWIFT_VERSION = 5.0;
				TARGETED_DEVICE_FAMILY = "1,2";
				TEST_TARGET_NAME = RickAndMortyTestApp;
			};
			name = Debug;
		};
		860CE4212A65858C003DD1A2 /* Release */ = {
			isa = XCBuildConfiguration;
			buildSettings = {
				ALWAYS_EMBED_SWIFT_STANDARD_LIBRARIES = YES;
				CODE_SIGN_STYLE = Automatic;
				CURRENT_PROJECT_VERSION = 1;
				DEVELOPMENT_TEAM = PCH92499TK;
				GENERATE_INFOPLIST_FILE = YES;
				MARKETING_VERSION = 1.0;
				PRODUCT_BUNDLE_IDENTIFIER = eufendeibe.RickAndMortyTestAppUITests;
				PRODUCT_NAME = "$(TARGET_NAME)";
				SWIFT_EMIT_LOC_STRINGS = NO;
				SWIFT_VERSION = 5.0;
				TARGETED_DEVICE_FAMILY = "1,2";
				TEST_TARGET_NAME = RickAndMortyTestApp;
			};
			name = Release;
		};
/* End XCBuildConfiguration section */

/* Begin XCConfigurationList section */
		860CE3EA2A65858A003DD1A2 /* Build configuration list for PBXProject "RickAndMortyTestApp" */ = {
			isa = XCConfigurationList;
			buildConfigurations = (
				860CE4172A65858C003DD1A2 /* Debug */,
				860CE4182A65858C003DD1A2 /* Release */,
			);
			defaultConfigurationIsVisible = 0;
			defaultConfigurationName = Release;
		};
		860CE4192A65858C003DD1A2 /* Build configuration list for PBXNativeTarget "RickAndMortyTestApp" */ = {
			isa = XCConfigurationList;
			buildConfigurations = (
				860CE41A2A65858C003DD1A2 /* Debug */,
				860CE41B2A65858C003DD1A2 /* Release */,
			);
			defaultConfigurationIsVisible = 0;
			defaultConfigurationName = Release;
		};
		860CE41C2A65858C003DD1A2 /* Build configuration list for PBXNativeTarget "RickAndMortyTestAppTests" */ = {
			isa = XCConfigurationList;
			buildConfigurations = (
				860CE41D2A65858C003DD1A2 /* Debug */,
				860CE41E2A65858C003DD1A2 /* Release */,
			);
			defaultConfigurationIsVisible = 0;
			defaultConfigurationName = Release;
		};
		860CE41F2A65858C003DD1A2 /* Build configuration list for PBXNativeTarget "RickAndMortyTestAppUITests" */ = {
			isa = XCConfigurationList;
			buildConfigurations = (
				860CE4202A65858C003DD1A2 /* Debug */,
				860CE4212A65858C003DD1A2 /* Release */,
			);
			defaultConfigurationIsVisible = 0;
			defaultConfigurationName = Release;
		};
/* End XCConfigurationList section */

/* Begin XCRemoteSwiftPackageReference section */
		860CE42A2A658742003DD1A2 /* XCRemoteSwiftPackageReference "AlamofireImage" */ = {
			isa = XCRemoteSwiftPackageReference;
			repositoryURL = "https://github.com/Alamofire/AlamofireImage.git";
			requirement = {
				branch = master;
				kind = branch;
			};
		};
		860CE42D2A65875D003DD1A2 /* XCRemoteSwiftPackageReference "Alamofire" */ = {
			isa = XCRemoteSwiftPackageReference;
			repositoryURL = "https://github.com/Alamofire/Alamofire";
			requirement = {
				branch = master;
				kind = branch;
			};
		};
/* End XCRemoteSwiftPackageReference section */

/* Begin XCSwiftPackageProductDependency section */
		860CE42B2A658742003DD1A2 /* AlamofireImage */ = {
			isa = XCSwiftPackageProductDependency;
			package = 860CE42A2A658742003DD1A2 /* XCRemoteSwiftPackageReference "AlamofireImage" */;
			productName = AlamofireImage;
		};
		860CE42E2A65875D003DD1A2 /* Alamofire */ = {
			isa = XCSwiftPackageProductDependency;
			package = 860CE42D2A65875D003DD1A2 /* XCRemoteSwiftPackageReference "Alamofire" */;
			productName = Alamofire;
		};
/* End XCSwiftPackageProductDependency section */
	};
	rootObject = 860CE3E72A65858A003DD1A2 /* Project object */;
}
